
Microsoft Visual Studio Solution File, Format Version 12.00
# Visual Studio 15
VisualStudioVersion = 15.0.26430.15
MinimumVisualStudioVersion = 10.0.40219.1
Project("{FAE04EC0-301F-11D3-BF4B-00C04F79EFBC}") = "NativeCode.Core", "src\Core\NativeCode.Core\NativeCode.Core.csproj", "{2BA5C42A-32EC-43DB-9AEC-A9323D354951}"
EndProject
Project("{FAE04EC0-301F-11D3-BF4B-00C04F79EFBC}") = "NativeCode.Tests", "src\Tests\NativeCode.Tests\NativeCode.Tests.csproj", "{40D8575D-34A0-4B80-87CA-301BC6E19350}"
EndProject
Project("{2150E333-8FDC-42A3-9474-1A3956D46DE8}") = ".build", ".build", "{0BE504AC-1561-4870-87C8-210B467708EB}"
	ProjectSection(SolutionItems) = preProject
		.gitignore = .gitignore
		CodeAnalysis.ruleset = CodeAnalysis.ruleset
		README.md = README.md
		Settings.StyleCop = Settings.StyleCop
	EndProjectSection
EndProject
Project("{FAE04EC0-301F-11D3-BF4B-00C04F79EFBC}") = "NativeCode.Web.AspNet.WebApi", "src\Core\NativeCode.Web.AspNet.WebApi\NativeCode.Web.AspNet.WebApi.csproj", "{64A34C62-C4D5-479A-9BEF-F360D24CE1B5}"
EndProject
Project("{FAE04EC0-301F-11D3-BF4B-00C04F79EFBC}") = "NativeCode.Web.AspNet.Mvc", "src\Core\NativeCode.Web.AspNet.Mvc\NativeCode.Web.AspNet.Mvc.csproj", "{AAD677FD-818E-484E-944D-0A3CEB8C6629}"
EndProject
Project("{FAE04EC0-301F-11D3-BF4B-00C04F79EFBC}") = "NativeCode.Core.Web", "src\Core\NativeCode.Core.Web\NativeCode.Core.Web.csproj", "{DDAD0473-9C03-41C1-9BE5-54F94EF9D324}"
EndProject
Project("{FAE04EC0-301F-11D3-BF4B-00C04F79EFBC}") = "NativeCode.Core.Data", "src\Core\NativeCode.Core.Data\NativeCode.Core.Data.csproj", "{A872F951-9C26-4380-BD6D-ECBCB03E699D}"
EndProject
Project("{FAE04EC0-301F-11D3-BF4B-00C04F79EFBC}") = "NativeCode.Core.Packages.Owin", "src\Core\NativeCode.Core.Packages.Owin\NativeCode.Core.Packages.Owin.csproj", "{0FA3BE6D-A16E-4878-ACA6-E09CECC3646E}"
EndProject
Project("{FAE04EC0-301F-11D3-BF4B-00C04F79EFBC}") = "NativeCode.Core.DotNet.Win32", "src\Core\NativeCode.Core.DotNet.Win32\NativeCode.Core.DotNet.Win32.csproj", "{AE566659-F4F2-4EB4-A537-8B736DBD876F}"
EndProject
Project("{2150E333-8FDC-42A3-9474-1A3956D46DE8}") = ".tests", ".tests", "{BC966123-4BA8-49EF-9344-EDDB7F3CD6ED}"
EndProject
Project("{FAE04EC0-301F-11D3-BF4B-00C04F79EFBC}") = "NativeCode.Core.DotNet", "src\Core\NativeCode.Core.DotNet\NativeCode.Core.DotNet.csproj", "{EC619B91-B1DA-4893-8AD6-2D8A2D54B853}"
EndProject
Project("{FAE04EC0-301F-11D3-BF4B-00C04F79EFBC}") = "NativeCode.Core.Packages.Rabbit", "src\Core\NativeCode.Core.Packages.Rabbit\NativeCode.Core.Packages.Rabbit.csproj", "{6ACFCA6E-573B-4852-AA79-72A43F38CC81}"
EndProject
Project("{2150E333-8FDC-42A3-9474-1A3956D46DE8}") = "Packages", "Packages", "{E11C5D6A-8678-407A-B178-D39D8FA618F3}"
EndProject
Project("{FAE04EC0-301F-11D3-BF4B-00C04F79EFBC}") = "NativeCode.Core.Packages.EntityFramework", "src\Core\NativeCode.Core.Packages.EntityFramework\NativeCode.Core.Packages.EntityFramework.csproj", "{10015B10-A96F-4477-B00F-FD462D1B20C6}"
EndProject
Project("{FAE04EC0-301F-11D3-BF4B-00C04F79EFBC}") = "NativeCode.Core.Packages.Unity", "src\Core\NativeCode.Core.Packages.Unity\NativeCode.Core.Packages.Unity.csproj", "{1BC8EA4D-9A80-47FC-B393-30101F9DEBC6}"
EndProject
Global
	GlobalSection(SolutionConfigurationPlatforms) = preSolution
		Debug|Any CPU = Debug|Any CPU
		Release|Any CPU = Release|Any CPU
	EndGlobalSection
	GlobalSection(ProjectConfigurationPlatforms) = postSolution
		{2BA5C42A-32EC-43DB-9AEC-A9323D354951}.Debug|Any CPU.ActiveCfg = Debug|Any CPU
		{2BA5C42A-32EC-43DB-9AEC-A9323D354951}.Debug|Any CPU.Build.0 = Debug|Any CPU
		{2BA5C42A-32EC-43DB-9AEC-A9323D354951}.Release|Any CPU.ActiveCfg = Release|Any CPU
		{2BA5C42A-32EC-43DB-9AEC-A9323D354951}.Release|Any CPU.Build.0 = Release|Any CPU
		{40D8575D-34A0-4B80-87CA-301BC6E19350}.Debug|Any CPU.ActiveCfg = Debug|Any CPU
		{40D8575D-34A0-4B80-87CA-301BC6E19350}.Debug|Any CPU.Build.0 = Debug|Any CPU
		{40D8575D-34A0-4B80-87CA-301BC6E19350}.Release|Any CPU.ActiveCfg = Release|Any CPU
		{40D8575D-34A0-4B80-87CA-301BC6E19350}.Release|Any CPU.Build.0 = Release|Any CPU
		{64A34C62-C4D5-479A-9BEF-F360D24CE1B5}.Debug|Any CPU.ActiveCfg = Debug|Any CPU
		{64A34C62-C4D5-479A-9BEF-F360D24CE1B5}.Debug|Any CPU.Build.0 = Debug|Any CPU
		{64A34C62-C4D5-479A-9BEF-F360D24CE1B5}.Release|Any CPU.ActiveCfg = Release|Any CPU
		{64A34C62-C4D5-479A-9BEF-F360D24CE1B5}.Release|Any CPU.Build.0 = Release|Any CPU
		{AAD677FD-818E-484E-944D-0A3CEB8C6629}.Debug|Any CPU.ActiveCfg = Debug|Any CPU
		{AAD677FD-818E-484E-944D-0A3CEB8C6629}.Debug|Any CPU.Build.0 = Debug|Any CPU
		{AAD677FD-818E-484E-944D-0A3CEB8C6629}.Release|Any CPU.ActiveCfg = Release|Any CPU
		{AAD677FD-818E-484E-944D-0A3CEB8C6629}.Release|Any CPU.Build.0 = Release|Any CPU
		{DDAD0473-9C03-41C1-9BE5-54F94EF9D324}.Debug|Any CPU.ActiveCfg = Debug|Any CPU
		{DDAD0473-9C03-41C1-9BE5-54F94EF9D324}.Debug|Any CPU.Build.0 = Debug|Any CPU
		{DDAD0473-9C03-41C1-9BE5-54F94EF9D324}.Release|Any CPU.ActiveCfg = Release|Any CPU
		{DDAD0473-9C03-41C1-9BE5-54F94EF9D324}.Release|Any CPU.Build.0 = Release|Any CPU
		{A872F951-9C26-4380-BD6D-ECBCB03E699D}.Debug|Any CPU.ActiveCfg = Debug|Any CPU
		{A872F951-9C26-4380-BD6D-ECBCB03E699D}.Debug|Any CPU.Build.0 = Debug|Any CPU
		{A872F951-9C26-4380-BD6D-ECBCB03E699D}.Release|Any CPU.ActiveCfg = Release|Any CPU
		{A872F951-9C26-4380-BD6D-ECBCB03E699D}.Release|Any CPU.Build.0 = Release|Any CPU
		{0FA3BE6D-A16E-4878-ACA6-E09CECC3646E}.Debug|Any CPU.ActiveCfg = Debug|Any CPU
		{0FA3BE6D-A16E-4878-ACA6-E09CECC3646E}.Debug|Any CPU.Build.0 = Debug|Any CPU
		{0FA3BE6D-A16E-4878-ACA6-E09CECC3646E}.Release|Any CPU.ActiveCfg = Release|Any CPU
		{0FA3BE6D-A16E-4878-ACA6-E09CECC3646E}.Release|Any CPU.Build.0 = Release|Any CPU
		{AE566659-F4F2-4EB4-A537-8B736DBD876F}.Debug|Any CPU.ActiveCfg = Debug|Any CPU
		{AE566659-F4F2-4EB4-A537-8B736DBD876F}.Debug|Any CPU.Build.0 = Debug|Any CPU
		{AE566659-F4F2-4EB4-A537-8B736DBD876F}.Release|Any CPU.ActiveCfg = Release|Any CPU
		{AE566659-F4F2-4EB4-A537-8B736DBD876F}.Release|Any CPU.Build.0 = Release|Any CPU
		{EC619B91-B1DA-4893-8AD6-2D8A2D54B853}.Debug|Any CPU.ActiveCfg = Debug|Any CPU
		{EC619B91-B1DA-4893-8AD6-2D8A2D54B853}.Debug|Any CPU.Build.0 = Debug|Any CPU
		{EC619B91-B1DA-4893-8AD6-2D8A2D54B853}.Release|Any CPU.ActiveCfg = Release|Any CPU
		{EC619B91-B1DA-4893-8AD6-2D8A2D54B853}.Release|Any CPU.Build.0 = Release|Any CPU
		{6ACFCA6E-573B-4852-AA79-72A43F38CC81}.Debug|Any CPU.ActiveCfg = Debug|Any CPU
		{6ACFCA6E-573B-4852-AA79-72A43F38CC81}.Debug|Any CPU.Build.0 = Debug|Any CPU
		{6ACFCA6E-573B-4852-AA79-72A43F38CC81}.Release|Any CPU.ActiveCfg = Release|Any CPU
		{6ACFCA6E-573B-4852-AA79-72A43F38CC81}.Release|Any CPU.Build.0 = Release|Any CPU
		{10015B10-A96F-4477-B00F-FD462D1B20C6}.Debug|Any CPU.ActiveCfg = Debug|Any CPU
		{10015B10-A96F-4477-B00F-FD462D1B20C6}.Debug|Any CPU.Build.0 = Debug|Any CPU
		{10015B10-A96F-4477-B00F-FD462D1B20C6}.Release|Any CPU.ActiveCfg = Release|Any CPU
		{10015B10-A96F-4477-B00F-FD462D1B20C6}.Release|Any CPU.Build.0 = Release|Any CPU
		{1BC8EA4D-9A80-47FC-B393-30101F9DEBC6}.Debug|Any CPU.ActiveCfg = Debug|Any CPU
		{1BC8EA4D-9A80-47FC-B393-30101F9DEBC6}.Debug|Any CPU.Build.0 = Debug|Any CPU
		{1BC8EA4D-9A80-47FC-B393-30101F9DEBC6}.Release|Any CPU.ActiveCfg = Release|Any CPU
		{1BC8EA4D-9A80-47FC-B393-30101F9DEBC6}.Release|Any CPU.Build.0 = Release|Any CPU
	EndGlobalSection
	GlobalSection(SolutionProperties) = preSolution
		HideSolutionNode = FALSE
	EndGlobalSection
	GlobalSection(NestedProjects) = preSolution
		{40D8575D-34A0-4B80-87CA-301BC6E19350} = {BC966123-4BA8-49EF-9344-EDDB7F3CD6ED}
		{0FA3BE6D-A16E-4878-ACA6-E09CECC3646E} = {E11C5D6A-8678-407A-B178-D39D8FA618F3}
		{6ACFCA6E-573B-4852-AA79-72A43F38CC81} = {E11C5D6A-8678-407A-B178-D39D8FA618F3}
		{10015B10-A96F-4477-B00F-FD462D1B20C6} = {E11C5D6A-8678-407A-B178-D39D8FA618F3}
		{1BC8EA4D-9A80-47FC-B393-30101F9DEBC6} = {E11C5D6A-8678-407A-B178-D39D8FA618F3}
	EndGlobalSection
EndGlobal
